dependencies:
- name: postgresql
  repository: oci://registry-1.docker.io/bitnamicharts
  version: 13.4.4
- name: elasticsearch
  repository: oci://registry-1.docker.io/bitnamicharts
  version: 19.21.2
- name: redis
  repository: oci://registry-1.docker.io/bitnamicharts
  version: 17.16.0
digest: sha256:42b8094d270f796884b1516da480a89c11c076521d088302481fb679ef2714ac
generated: "2024-05-29T10:14:46.260224-07:00"
